
Microsoft Visual Studio Solution File, Format Version 12.00
# Visual Studio 2013
VisualStudioVersion = 12.0.40629.0
MinimumVisualStudioVersion = 10.0.40219.1
Project("{FAE04EC0-301F-11D3-BF4B-00C04F79EFBC}") = "TangramLector", "TangramLector\TangramLector.csproj", "{C854EDF7-4F33-4F01-9764-9A744070EACA}"
EndProject
Project("{2150E333-8FDC-42A3-9474-1A3956D46DE8}") = "BrailleIO", "BrailleIO", "{E7D46981-2146-47D0-91F3-BB3CFCC3C5BF}"
EndProject
Project("{FAE04EC0-301F-11D3-BF4B-00C04F79EFBC}") = "BrailleIO", "Submodules\BrailleIO\BrailleIO\BrailleIO.csproj", "{623E618C-F034-473E-A5AF-280B20A5BA8F}"
EndProject
Project("{FAE04EC0-301F-11D3-BF4B-00C04F79EFBC}") = "BrailleIO_Interfaces", "Submodules\BrailleIO\BrailleIO_Interfaces\BrailleIO_Interfaces.csproj", "{168EC2F2-7E4A-493A-AB4A-9FB1B45DAB64}"
EndProject
Project("{FAE04EC0-301F-11D3-BF4B-00C04F79EFBC}") = "BrailleRenderer", "Submodules\BrailleIO\BrailleRenderer\BrailleRenderer.csproj", "{FC472E01-7C5A-4982-9825-59589AAADCCB}"
EndProject
Project("{FAE04EC0-301F-11D3-BF4B-00C04F79EFBC}") = "AudioRenderer", "Submodules\DotNet_AudioRenderer\AudioRenderer.csproj", "{C0F2D4E2-FC99-4218-B877-1D217FBF0437}"
EndProject
Project("{FAE04EC0-301F-11D3-BF4B-00C04F79EFBC}") = "Logger", "Submodules\DotNet_Logger\Logger.csproj", "{7283A0E4-F653-4097-B5F5-660BC570DCBD}"
EndProject
Project("{FAE04EC0-301F-11D3-BF4B-00C04F79EFBC}") = "TANGRAM OOo Draw Extension", "TANGRAM OOo Draw Extension\TANGRAM OOo Draw Extension.csproj", "{D84EBB20-A5F8-448F-8FB4-56219C300917}"
EndProject
Project("{FAE04EC0-301F-11D3-BF4B-00C04F79EFBC}") = "Tangram_InteractionManger", "Submodules\Tangram_InteractionManger\Tangram_InteractionManger.csproj", "{7F263560-43D0-4B51-8D48-B46F3B0329FC}"
EndProject
Project("{FAE04EC0-301F-11D3-BF4B-00C04F79EFBC}") = "Extensibility", "Submodules\Tangram_InteractionManger\Submodules\DotNet_Extensibility\Extensibility.csproj", "{099822CE-B83A-4275-80EF-AB2D8C5792CD}"
EndProject
Project("{FAE04EC0-301F-11D3-BF4B-00C04F79EFBC}") = "GestureRecognizer", "Submodules\Tangram_InteractionManger\Submodules\BrailleIO\GestureRecognizer\GestureRecognizer.csproj", "{73BD1F41-CE19-40DE-A0EC-A70A9F003DEC}"
EndProject
Project("{FAE04EC0-301F-11D3-BF4B-00C04F79EFBC}") = "LanguageLocalization", "Submodules\Tangram_InteractionManger\Submodules\DotNet_LanguageLocalization\LanguageLocalization.csproj", "{F5BA9F00-FDBE-4329-9155-4CB3EADBC772}"
EndProject
Project("{FAE04EC0-301F-11D3-BF4B-00C04F79EFBC}") = "Tangram_Interfaces", "Submodules\Tangram_InteractionManger\Submodules\Tangram_Interfaces\Tangram_Interfaces.csproj", "{C4724649-0889-491A-BFBD-CF9BF7BA2E1E}"
EndProject
Project("{2150E333-8FDC-42A3-9474-1A3956D46DE8}") = "Tangram_Lector_Workstation", "Tangram_Lector_Workstation", "{C2AE83EF-AFC3-4D4D-8A14-E9E8BF544B94}"
EndProject
Project("{FAE04EC0-301F-11D3-BF4B-00C04F79EFBC}") = "Tangram_OoManipulation", "Tangram_OoManipulation\Tangram_OoManipulation.csproj", "{A83FB6E1-70CA-4A10-9AAD-8D5929640518}"
EndProject
Project("{FAE04EC0-301F-11D3-BF4B-00C04F79EFBC}") = "UiaPicker", "UiaPicker\UiaPicker.csproj", "{E202FC54-0603-4494-A24B-6E9F34756E66}"
EndProject
Project("{FAE04EC0-301F-11D3-BF4B-00C04F79EFBC}") = "TangramLectorTrayTaskManager", "TangramLectorTrayTaskManager\TangramLectorTrayTaskManager.csproj", "{3D173721-E49E-43FB-BE5B-A5D26201798D}"
EndProject
Project("{2150E333-8FDC-42A3-9474-1A3956D46DE8}") = "Extensions", "Extensions", "{DA7A114A-A815-4D57-B349-0E9A953A6A68}"
EndProject
Project("{2150E333-8FDC-42A3-9474-1A3956D46DE8}") = "Adapter", "Adapter", "{003FDF40-BD65-4AA4-ACEC-6F2977FA1BCC}"
EndProject
Project("{2150E333-8FDC-42A3-9474-1A3956D46DE8}") = "SpecializedScriptFunctionProxies", "SpecializedScriptFunctionProxies", "{AA2CEE5E-115C-4B71-94AA-86C24E99B697}"
EndProject
Project("{FAE04EC0-301F-11D3-BF4B-00C04F79EFBC}") = "ShowOffAdapterMediator", "Extensions\Adapter\ShowOffAdapterMediator\ShowOffAdapterMediator.csproj", "{CEEE112C-76DB-4D9F-B606-D5B5EC7BDE82}"
EndProject
Project("{FAE04EC0-301F-11D3-BF4B-00C04F79EFBC}") = "BrailleIO_ShowOff", "Submodules\BrailleIO\BrailleIO_ShowOff\BrailleIO_ShowOff.csproj", "{9CF455A0-B3B8-4D16-B54C-8EAF6BC97E06}"
EndProject
Global
	GlobalSection(SolutionConfigurationPlatforms) = preSolution
		Debug|Any CPU = Debug|Any CPU
		Debug|Mixed Platforms = Debug|Mixed Platforms
		Debug|x86 = Debug|x86
		DebugLibre|Any CPU = DebugLibre|Any CPU
		DebugLibre|Mixed Platforms = DebugLibre|Mixed Platforms
		DebugLibre|x86 = DebugLibre|x86
		Release|Any CPU = Release|Any CPU
		Release|Mixed Platforms = Release|Mixed Platforms
		Release|x86 = Release|x86
		ReleaseLibre|Any CPU = ReleaseLibre|Any CPU
		ReleaseLibre|Mixed Platforms = ReleaseLibre|Mixed Platforms
		ReleaseLibre|x86 = ReleaseLibre|x86
		ReleasLibre|Any CPU = ReleasLibre|Any CPU
		ReleasLibre|Mixed Platforms = ReleasLibre|Mixed Platforms
		ReleasLibre|x86 = ReleasLibre|x86
	EndGlobalSection
	GlobalSection(ProjectConfigurationPlatforms) = postSolution
		{C854EDF7-4F33-4F01-9764-9A744070EACA}.Debug|Any CPU.ActiveCfg = Debug|x86
		{C854EDF7-4F33-4F01-9764-9A744070EACA}.Debug|Mixed Platforms.ActiveCfg = Debug|x86
		{C854EDF7-4F33-4F01-9764-9A744070EACA}.Debug|Mixed Platforms.Build.0 = Debug|x86
		{C854EDF7-4F33-4F01-9764-9A744070EACA}.Debug|x86.ActiveCfg = Debug|x86
		{C854EDF7-4F33-4F01-9764-9A744070EACA}.Debug|x86.Build.0 = Debug|x86
		{C854EDF7-4F33-4F01-9764-9A744070EACA}.DebugLibre|Any CPU.ActiveCfg = DebugLibre|x86
		{C854EDF7-4F33-4F01-9764-9A744070EACA}.DebugLibre|Mixed Platforms.ActiveCfg = DebugLibre|x86
		{C854EDF7-4F33-4F01-9764-9A744070EACA}.DebugLibre|Mixed Platforms.Build.0 = DebugLibre|x86
		{C854EDF7-4F33-4F01-9764-9A744070EACA}.DebugLibre|x86.ActiveCfg = DebugLibre|x86
		{C854EDF7-4F33-4F01-9764-9A744070EACA}.DebugLibre|x86.Build.0 = DebugLibre|x86
		{C854EDF7-4F33-4F01-9764-9A744070EACA}.Release|Any CPU.ActiveCfg = Release|x86
		{C854EDF7-4F33-4F01-9764-9A744070EACA}.Release|Mixed Platforms.ActiveCfg = Release|x86
		{C854EDF7-4F33-4F01-9764-9A744070EACA}.Release|Mixed Platforms.Build.0 = Release|x86
		{C854EDF7-4F33-4F01-9764-9A744070EACA}.Release|x86.ActiveCfg = Release|x86
		{C854EDF7-4F33-4F01-9764-9A744070EACA}.Release|x86.Build.0 = Release|x86
		{C854EDF7-4F33-4F01-9764-9A744070EACA}.ReleaseLibre|Any CPU.ActiveCfg = ReleaseLibre|x86
		{C854EDF7-4F33-4F01-9764-9A744070EACA}.ReleaseLibre|Mixed Platforms.ActiveCfg = ReleaseLibre|x86
		{C854EDF7-4F33-4F01-9764-9A744070EACA}.ReleaseLibre|Mixed Platforms.Build.0 = ReleaseLibre|x86
		{C854EDF7-4F33-4F01-9764-9A744070EACA}.ReleaseLibre|x86.ActiveCfg = ReleaseLibre|x86
		{C854EDF7-4F33-4F01-9764-9A744070EACA}.ReleaseLibre|x86.Build.0 = ReleaseLibre|x86
		{C854EDF7-4F33-4F01-9764-9A744070EACA}.ReleasLibre|Any CPU.ActiveCfg = ReleaseLibre|x86
		{C854EDF7-4F33-4F01-9764-9A744070EACA}.ReleasLibre|Mixed Platforms.ActiveCfg = ReleaseLibre|x86
		{C854EDF7-4F33-4F01-9764-9A744070EACA}.ReleasLibre|Mixed Platforms.Build.0 = ReleaseLibre|x86
		{C854EDF7-4F33-4F01-9764-9A744070EACA}.ReleasLibre|x86.ActiveCfg = ReleaseLibre|x86
		{C854EDF7-4F33-4F01-9764-9A744070EACA}.ReleasLibre|x86.Build.0 = ReleaseLibre|x86
		{623E618C-F034-473E-A5AF-280B20A5BA8F}.Debug|Any CPU.ActiveCfg = Debug|x86
		{623E618C-F034-473E-A5AF-280B20A5BA8F}.Debug|Mixed Platforms.ActiveCfg = Debug|x86
		{623E618C-F034-473E-A5AF-280B20A5BA8F}.Debug|Mixed Platforms.Build.0 = Debug|x86
		{623E618C-F034-473E-A5AF-280B20A5BA8F}.Debug|x86.ActiveCfg = Debug|x86
		{623E618C-F034-473E-A5AF-280B20A5BA8F}.Debug|x86.Build.0 = Debug|x86
		{623E618C-F034-473E-A5AF-280B20A5BA8F}.DebugLibre|Any CPU.ActiveCfg = Debug|x86
		{623E618C-F034-473E-A5AF-280B20A5BA8F}.DebugLibre|Mixed Platforms.ActiveCfg = Debug|x86
		{623E618C-F034-473E-A5AF-280B20A5BA8F}.DebugLibre|Mixed Platforms.Build.0 = Debug|x86
		{623E618C-F034-473E-A5AF-280B20A5BA8F}.DebugLibre|x86.ActiveCfg = Debug|x86
		{623E618C-F034-473E-A5AF-280B20A5BA8F}.DebugLibre|x86.Build.0 = Debug|x86
		{623E618C-F034-473E-A5AF-280B20A5BA8F}.Release|Any CPU.ActiveCfg = Release|x86
		{623E618C-F034-473E-A5AF-280B20A5BA8F}.Release|Mixed Platforms.ActiveCfg = Release|x86
		{623E618C-F034-473E-A5AF-280B20A5BA8F}.Release|Mixed Platforms.Build.0 = Release|x86
		{623E618C-F034-473E-A5AF-280B20A5BA8F}.Release|x86.ActiveCfg = Release|x86
		{623E618C-F034-473E-A5AF-280B20A5BA8F}.Release|x86.Build.0 = Release|x86
		{623E618C-F034-473E-A5AF-280B20A5BA8F}.ReleaseLibre|Any CPU.ActiveCfg = Release|x86
		{623E618C-F034-473E-A5AF-280B20A5BA8F}.ReleaseLibre|Mixed Platforms.ActiveCfg = Release|x86
		{623E618C-F034-473E-A5AF-280B20A5BA8F}.ReleaseLibre|Mixed Platforms.Build.0 = Release|x86
		{623E618C-F034-473E-A5AF-280B20A5BA8F}.ReleaseLibre|x86.ActiveCfg = Release|x86
		{623E618C-F034-473E-A5AF-280B20A5BA8F}.ReleaseLibre|x86.Build.0 = Release|x86
		{623E618C-F034-473E-A5AF-280B20A5BA8F}.ReleasLibre|Any CPU.ActiveCfg = Release|x86
		{623E618C-F034-473E-A5AF-280B20A5BA8F}.ReleasLibre|Mixed Platforms.ActiveCfg = Release|x86
		{623E618C-F034-473E-A5AF-280B20A5BA8F}.ReleasLibre|Mixed Platforms.Build.0 = Release|x86
		{623E618C-F034-473E-A5AF-280B20A5BA8F}.ReleasLibre|x86.ActiveCfg = Release|x86
		{623E618C-F034-473E-A5AF-280B20A5BA8F}.ReleasLibre|x86.Build.0 = Release|x86
		{168EC2F2-7E4A-493A-AB4A-9FB1B45DAB64}.Debug|Any CPU.ActiveCfg = Debug|Any CPU
		{168EC2F2-7E4A-493A-AB4A-9FB1B45DAB64}.Debug|Any CPU.Build.0 = Debug|Any CPU
		{168EC2F2-7E4A-493A-AB4A-9FB1B45DAB64}.Debug|Mixed Platforms.ActiveCfg = Debug|Any CPU
		{168EC2F2-7E4A-493A-AB4A-9FB1B45DAB64}.Debug|Mixed Platforms.Build.0 = Debug|Any CPU
		{168EC2F2-7E4A-493A-AB4A-9FB1B45DAB64}.Debug|x86.ActiveCfg = Debug|Any CPU
		{168EC2F2-7E4A-493A-AB4A-9FB1B45DAB64}.DebugLibre|Any CPU.ActiveCfg = Debug|Any CPU
		{168EC2F2-7E4A-493A-AB4A-9FB1B45DAB64}.DebugLibre|Any CPU.Build.0 = Debug|Any CPU
		{168EC2F2-7E4A-493A-AB4A-9FB1B45DAB64}.DebugLibre|Mixed Platforms.ActiveCfg = Debug|Any CPU
		{168EC2F2-7E4A-493A-AB4A-9FB1B45DAB64}.DebugLibre|Mixed Platforms.Build.0 = Debug|Any CPU
		{168EC2F2-7E4A-493A-AB4A-9FB1B45DAB64}.DebugLibre|x86.ActiveCfg = Debug|Any CPU
		{168EC2F2-7E4A-493A-AB4A-9FB1B45DAB64}.Release|Any CPU.ActiveCfg = Release|Any CPU
		{168EC2F2-7E4A-493A-AB4A-9FB1B45DAB64}.Release|Any CPU.Build.0 = Release|Any CPU
		{168EC2F2-7E4A-493A-AB4A-9FB1B45DAB64}.Release|Mixed Platforms.ActiveCfg = Release|Any CPU
		{168EC2F2-7E4A-493A-AB4A-9FB1B45DAB64}.Release|Mixed Platforms.Build.0 = Release|Any CPU
		{168EC2F2-7E4A-493A-AB4A-9FB1B45DAB64}.Release|x86.ActiveCfg = Release|Any CPU
		{168EC2F2-7E4A-493A-AB4A-9FB1B45DAB64}.ReleaseLibre|Any CPU.ActiveCfg = Release|Any CPU
		{168EC2F2-7E4A-493A-AB4A-9FB1B45DAB64}.ReleaseLibre|Any CPU.Build.0 = Release|Any CPU
		{168EC2F2-7E4A-493A-AB4A-9FB1B45DAB64}.ReleaseLibre|Mixed Platforms.ActiveCfg = Release|Any CPU
		{168EC2F2-7E4A-493A-AB4A-9FB1B45DAB64}.ReleaseLibre|Mixed Platforms.Build.0 = Release|Any CPU
		{168EC2F2-7E4A-493A-AB4A-9FB1B45DAB64}.ReleaseLibre|x86.ActiveCfg = Release|Any CPU
		{168EC2F2-7E4A-493A-AB4A-9FB1B45DAB64}.ReleasLibre|Any CPU.ActiveCfg = Release|Any CPU
		{168EC2F2-7E4A-493A-AB4A-9FB1B45DAB64}.ReleasLibre|Any CPU.Build.0 = Release|Any CPU
		{168EC2F2-7E4A-493A-AB4A-9FB1B45DAB64}.ReleasLibre|Mixed Platforms.ActiveCfg = Release|Any CPU
		{168EC2F2-7E4A-493A-AB4A-9FB1B45DAB64}.ReleasLibre|Mixed Platforms.Build.0 = Release|Any CPU
		{168EC2F2-7E4A-493A-AB4A-9FB1B45DAB64}.ReleasLibre|x86.ActiveCfg = Release|Any CPU
		{FC472E01-7C5A-4982-9825-59589AAADCCB}.Debug|Any CPU.ActiveCfg = Debug|Any CPU
		{FC472E01-7C5A-4982-9825-59589AAADCCB}.Debug|Any CPU.Build.0 = Debug|Any CPU
		{FC472E01-7C5A-4982-9825-59589AAADCCB}.Debug|Mixed Platforms.ActiveCfg = Debug|Any CPU
		{FC472E01-7C5A-4982-9825-59589AAADCCB}.Debug|Mixed Platforms.Build.0 = Debug|Any CPU
		{FC472E01-7C5A-4982-9825-59589AAADCCB}.Debug|x86.ActiveCfg = Debug|Any CPU
		{FC472E01-7C5A-4982-9825-59589AAADCCB}.DebugLibre|Any CPU.ActiveCfg = Debug|Any CPU
		{FC472E01-7C5A-4982-9825-59589AAADCCB}.DebugLibre|Any CPU.Build.0 = Debug|Any CPU
		{FC472E01-7C5A-4982-9825-59589AAADCCB}.DebugLibre|Mixed Platforms.ActiveCfg = Debug|Any CPU
		{FC472E01-7C5A-4982-9825-59589AAADCCB}.DebugLibre|Mixed Platforms.Build.0 = Debug|Any CPU
		{FC472E01-7C5A-4982-9825-59589AAADCCB}.DebugLibre|x86.ActiveCfg = Debug|Any CPU
		{FC472E01-7C5A-4982-9825-59589AAADCCB}.Release|Any CPU.ActiveCfg = Release|Any CPU
		{FC472E01-7C5A-4982-9825-59589AAADCCB}.Release|Any CPU.Build.0 = Release|Any CPU
		{FC472E01-7C5A-4982-9825-59589AAADCCB}.Release|Mixed Platforms.ActiveCfg = Release|Any CPU
		{FC472E01-7C5A-4982-9825-59589AAADCCB}.Release|Mixed Platforms.Build.0 = Release|Any CPU
		{FC472E01-7C5A-4982-9825-59589AAADCCB}.Release|x86.ActiveCfg = Release|Any CPU
		{FC472E01-7C5A-4982-9825-59589AAADCCB}.ReleaseLibre|Any CPU.ActiveCfg = Release|Any CPU
		{FC472E01-7C5A-4982-9825-59589AAADCCB}.ReleaseLibre|Any CPU.Build.0 = Release|Any CPU
		{FC472E01-7C5A-4982-9825-59589AAADCCB}.ReleaseLibre|Mixed Platforms.ActiveCfg = Release|Any CPU
		{FC472E01-7C5A-4982-9825-59589AAADCCB}.ReleaseLibre|Mixed Platforms.Build.0 = Release|Any CPU
		{FC472E01-7C5A-4982-9825-59589AAADCCB}.ReleaseLibre|x86.ActiveCfg = Release|Any CPU
		{FC472E01-7C5A-4982-9825-59589AAADCCB}.ReleasLibre|Any CPU.ActiveCfg = Release|Any CPU
		{FC472E01-7C5A-4982-9825-59589AAADCCB}.ReleasLibre|Any CPU.Build.0 = Release|Any CPU
		{FC472E01-7C5A-4982-9825-59589AAADCCB}.ReleasLibre|Mixed Platforms.ActiveCfg = Release|Any CPU
		{FC472E01-7C5A-4982-9825-59589AAADCCB}.ReleasLibre|Mixed Platforms.Build.0 = Release|Any CPU
		{FC472E01-7C5A-4982-9825-59589AAADCCB}.ReleasLibre|x86.ActiveCfg = Release|Any CPU
		{C0F2D4E2-FC99-4218-B877-1D217FBF0437}.Debug|Any CPU.ActiveCfg = Debug|Any CPU
		{C0F2D4E2-FC99-4218-B877-1D217FBF0437}.Debug|Any CPU.Build.0 = Debug|Any CPU
		{C0F2D4E2-FC99-4218-B877-1D217FBF0437}.Debug|Mixed Platforms.ActiveCfg = Debug|Any CPU
		{C0F2D4E2-FC99-4218-B877-1D217FBF0437}.Debug|Mixed Platforms.Build.0 = Debug|Any CPU
		{C0F2D4E2-FC99-4218-B877-1D217FBF0437}.Debug|x86.ActiveCfg = Debug|Any CPU
		{C0F2D4E2-FC99-4218-B877-1D217FBF0437}.DebugLibre|Any CPU.ActiveCfg = Debug|Any CPU
		{C0F2D4E2-FC99-4218-B877-1D217FBF0437}.DebugLibre|Any CPU.Build.0 = Debug|Any CPU
		{C0F2D4E2-FC99-4218-B877-1D217FBF0437}.DebugLibre|Mixed Platforms.ActiveCfg = Debug|Any CPU
		{C0F2D4E2-FC99-4218-B877-1D217FBF0437}.DebugLibre|Mixed Platforms.Build.0 = Debug|Any CPU
		{C0F2D4E2-FC99-4218-B877-1D217FBF0437}.DebugLibre|x86.ActiveCfg = Debug|Any CPU
		{C0F2D4E2-FC99-4218-B877-1D217FBF0437}.Release|Any CPU.ActiveCfg = Release|Any CPU
		{C0F2D4E2-FC99-4218-B877-1D217FBF0437}.Release|Any CPU.Build.0 = Release|Any CPU
		{C0F2D4E2-FC99-4218-B877-1D217FBF0437}.Release|Mixed Platforms.ActiveCfg = Release|Any CPU
		{C0F2D4E2-FC99-4218-B877-1D217FBF0437}.Release|Mixed Platforms.Build.0 = Release|Any CPU
		{C0F2D4E2-FC99-4218-B877-1D217FBF0437}.Release|x86.ActiveCfg = Release|Any CPU
		{C0F2D4E2-FC99-4218-B877-1D217FBF0437}.ReleaseLibre|Any CPU.ActiveCfg = Release|Any CPU
		{C0F2D4E2-FC99-4218-B877-1D217FBF0437}.ReleaseLibre|Any CPU.Build.0 = Release|Any CPU
		{C0F2D4E2-FC99-4218-B877-1D217FBF0437}.ReleaseLibre|Mixed Platforms.ActiveCfg = Release|Any CPU
		{C0F2D4E2-FC99-4218-B877-1D217FBF0437}.ReleaseLibre|Mixed Platforms.Build.0 = Release|Any CPU
		{C0F2D4E2-FC99-4218-B877-1D217FBF0437}.ReleaseLibre|x86.ActiveCfg = Release|Any CPU
		{C0F2D4E2-FC99-4218-B877-1D217FBF0437}.ReleasLibre|Any CPU.ActiveCfg = Release|Any CPU
		{C0F2D4E2-FC99-4218-B877-1D217FBF0437}.ReleasLibre|Any CPU.Build.0 = Release|Any CPU
		{C0F2D4E2-FC99-4218-B877-1D217FBF0437}.ReleasLibre|Mixed Platforms.ActiveCfg = Release|Any CPU
		{C0F2D4E2-FC99-4218-B877-1D217FBF0437}.ReleasLibre|Mixed Platforms.Build.0 = Release|Any CPU
		{C0F2D4E2-FC99-4218-B877-1D217FBF0437}.ReleasLibre|x86.ActiveCfg = Release|Any CPU
		{7283A0E4-F653-4097-B5F5-660BC570DCBD}.Debug|Any CPU.ActiveCfg = Debug|Any CPU
		{7283A0E4-F653-4097-B5F5-660BC570DCBD}.Debug|Any CPU.Build.0 = Debug|Any CPU
		{7283A0E4-F653-4097-B5F5-660BC570DCBD}.Debug|Mixed Platforms.ActiveCfg = Debug|Any CPU
		{7283A0E4-F653-4097-B5F5-660BC570DCBD}.Debug|Mixed Platforms.Build.0 = Debug|Any CPU
		{7283A0E4-F653-4097-B5F5-660BC570DCBD}.Debug|x86.ActiveCfg = Debug|Any CPU
		{7283A0E4-F653-4097-B5F5-660BC570DCBD}.DebugLibre|Any CPU.ActiveCfg = Debug|Any CPU
		{7283A0E4-F653-4097-B5F5-660BC570DCBD}.DebugLibre|Any CPU.Build.0 = Debug|Any CPU
		{7283A0E4-F653-4097-B5F5-660BC570DCBD}.DebugLibre|Mixed Platforms.ActiveCfg = Debug|Any CPU
		{7283A0E4-F653-4097-B5F5-660BC570DCBD}.DebugLibre|Mixed Platforms.Build.0 = Debug|Any CPU
		{7283A0E4-F653-4097-B5F5-660BC570DCBD}.DebugLibre|x86.ActiveCfg = Debug|Any CPU
		{7283A0E4-F653-4097-B5F5-660BC570DCBD}.Release|Any CPU.ActiveCfg = Release|Any CPU
		{7283A0E4-F653-4097-B5F5-660BC570DCBD}.Release|Any CPU.Build.0 = Release|Any CPU
		{7283A0E4-F653-4097-B5F5-660BC570DCBD}.Release|Mixed Platforms.ActiveCfg = Release|Any CPU
		{7283A0E4-F653-4097-B5F5-660BC570DCBD}.Release|Mixed Platforms.Build.0 = Release|Any CPU
		{7283A0E4-F653-4097-B5F5-660BC570DCBD}.Release|x86.ActiveCfg = Release|Any CPU
		{7283A0E4-F653-4097-B5F5-660BC570DCBD}.ReleaseLibre|Any CPU.ActiveCfg = Release|Any CPU
		{7283A0E4-F653-4097-B5F5-660BC570DCBD}.ReleaseLibre|Any CPU.Build.0 = Release|Any CPU
		{7283A0E4-F653-4097-B5F5-660BC570DCBD}.ReleaseLibre|Mixed Platforms.ActiveCfg = Release|Any CPU
		{7283A0E4-F653-4097-B5F5-660BC570DCBD}.ReleaseLibre|Mixed Platforms.Build.0 = Release|Any CPU
		{7283A0E4-F653-4097-B5F5-660BC570DCBD}.ReleaseLibre|x86.ActiveCfg = Release|Any CPU
		{7283A0E4-F653-4097-B5F5-660BC570DCBD}.ReleasLibre|Any CPU.ActiveCfg = Release|Any CPU
		{7283A0E4-F653-4097-B5F5-660BC570DCBD}.ReleasLibre|Any CPU.Build.0 = Release|Any CPU
		{7283A0E4-F653-4097-B5F5-660BC570DCBD}.ReleasLibre|Mixed Platforms.ActiveCfg = Release|Any CPU
		{7283A0E4-F653-4097-B5F5-660BC570DCBD}.ReleasLibre|Mixed Platforms.Build.0 = Release|Any CPU
		{7283A0E4-F653-4097-B5F5-660BC570DCBD}.ReleasLibre|x86.ActiveCfg = Release|Any CPU
		{D84EBB20-A5F8-448F-8FB4-56219C300917}.Debug|Any CPU.ActiveCfg = Debug|x86
		{D84EBB20-A5F8-448F-8FB4-56219C300917}.Debug|Mixed Platforms.ActiveCfg = Debug|x86
		{D84EBB20-A5F8-448F-8FB4-56219C300917}.Debug|Mixed Platforms.Build.0 = Debug|x86
		{D84EBB20-A5F8-448F-8FB4-56219C300917}.Debug|x86.ActiveCfg = Debug|x86
		{D84EBB20-A5F8-448F-8FB4-56219C300917}.Debug|x86.Build.0 = Debug|x86
		{D84EBB20-A5F8-448F-8FB4-56219C300917}.DebugLibre|Any CPU.ActiveCfg = DebugLibre|x86
		{D84EBB20-A5F8-448F-8FB4-56219C300917}.DebugLibre|Mixed Platforms.ActiveCfg = DebugLibre|x86
		{D84EBB20-A5F8-448F-8FB4-56219C300917}.DebugLibre|Mixed Platforms.Build.0 = DebugLibre|x86
		{D84EBB20-A5F8-448F-8FB4-56219C300917}.DebugLibre|x86.ActiveCfg = DebugLibre|x86
		{D84EBB20-A5F8-448F-8FB4-56219C300917}.DebugLibre|x86.Build.0 = DebugLibre|x86
		{D84EBB20-A5F8-448F-8FB4-56219C300917}.Release|Any CPU.ActiveCfg = Release|x86
		{D84EBB20-A5F8-448F-8FB4-56219C300917}.Release|Mixed Platforms.ActiveCfg = Release|x86
		{D84EBB20-A5F8-448F-8FB4-56219C300917}.Release|Mixed Platforms.Build.0 = Release|x86
		{D84EBB20-A5F8-448F-8FB4-56219C300917}.Release|x86.ActiveCfg = Release|x86
		{D84EBB20-A5F8-448F-8FB4-56219C300917}.Release|x86.Build.0 = Release|x86
		{D84EBB20-A5F8-448F-8FB4-56219C300917}.ReleaseLibre|Any CPU.ActiveCfg = ReleaseLibre|x86
		{D84EBB20-A5F8-448F-8FB4-56219C300917}.ReleaseLibre|Mixed Platforms.ActiveCfg = ReleaseLibre|x86
		{D84EBB20-A5F8-448F-8FB4-56219C300917}.ReleaseLibre|Mixed Platforms.Build.0 = ReleaseLibre|x86
		{D84EBB20-A5F8-448F-8FB4-56219C300917}.ReleaseLibre|x86.ActiveCfg = ReleaseLibre|x86
		{D84EBB20-A5F8-448F-8FB4-56219C300917}.ReleaseLibre|x86.Build.0 = ReleaseLibre|x86
		{D84EBB20-A5F8-448F-8FB4-56219C300917}.ReleasLibre|Any CPU.ActiveCfg = ReleaseLibre|x86
		{D84EBB20-A5F8-448F-8FB4-56219C300917}.ReleasLibre|Mixed Platforms.ActiveCfg = ReleaseLibre|x86
		{D84EBB20-A5F8-448F-8FB4-56219C300917}.ReleasLibre|Mixed Platforms.Build.0 = ReleaseLibre|x86
		{D84EBB20-A5F8-448F-8FB4-56219C300917}.ReleasLibre|x86.ActiveCfg = ReleaseLibre|x86
		{D84EBB20-A5F8-448F-8FB4-56219C300917}.ReleasLibre|x86.Build.0 = ReleaseLibre|x86
		{7F263560-43D0-4B51-8D48-B46F3B0329FC}.Debug|Any CPU.ActiveCfg = Debug|Any CPU
		{7F263560-43D0-4B51-8D48-B46F3B0329FC}.Debug|Any CPU.Build.0 = Debug|Any CPU
		{7F263560-43D0-4B51-8D48-B46F3B0329FC}.Debug|Mixed Platforms.ActiveCfg = Debug|Any CPU
		{7F263560-43D0-4B51-8D48-B46F3B0329FC}.Debug|Mixed Platforms.Build.0 = Debug|Any CPU
		{7F263560-43D0-4B51-8D48-B46F3B0329FC}.Debug|x86.ActiveCfg = Debug|Any CPU
		{7F263560-43D0-4B51-8D48-B46F3B0329FC}.DebugLibre|Any CPU.ActiveCfg = Debug|Any CPU
		{7F263560-43D0-4B51-8D48-B46F3B0329FC}.DebugLibre|Any CPU.Build.0 = Debug|Any CPU
		{7F263560-43D0-4B51-8D48-B46F3B0329FC}.DebugLibre|Mixed Platforms.ActiveCfg = Debug|Any CPU
		{7F263560-43D0-4B51-8D48-B46F3B0329FC}.DebugLibre|Mixed Platforms.Build.0 = Debug|Any CPU
		{7F263560-43D0-4B51-8D48-B46F3B0329FC}.DebugLibre|x86.ActiveCfg = Debug|Any CPU
		{7F263560-43D0-4B51-8D48-B46F3B0329FC}.Release|Any CPU.ActiveCfg = Release|Any CPU
		{7F263560-43D0-4B51-8D48-B46F3B0329FC}.Release|Any CPU.Build.0 = Release|Any CPU
		{7F263560-43D0-4B51-8D48-B46F3B0329FC}.Release|Mixed Platforms.ActiveCfg = Release|Any CPU
		{7F263560-43D0-4B51-8D48-B46F3B0329FC}.Release|Mixed Platforms.Build.0 = Release|Any CPU
		{7F263560-43D0-4B51-8D48-B46F3B0329FC}.Release|x86.ActiveCfg = Release|Any CPU
		{7F263560-43D0-4B51-8D48-B46F3B0329FC}.ReleaseLibre|Any CPU.ActiveCfg = Release|Any CPU
		{7F263560-43D0-4B51-8D48-B46F3B0329FC}.ReleaseLibre|Any CPU.Build.0 = Release|Any CPU
		{7F263560-43D0-4B51-8D48-B46F3B0329FC}.ReleaseLibre|Mixed Platforms.ActiveCfg = Release|Any CPU
		{7F263560-43D0-4B51-8D48-B46F3B0329FC}.ReleaseLibre|Mixed Platforms.Build.0 = Release|Any CPU
		{7F263560-43D0-4B51-8D48-B46F3B0329FC}.ReleaseLibre|x86.ActiveCfg = Release|Any CPU
		{7F263560-43D0-4B51-8D48-B46F3B0329FC}.ReleasLibre|Any CPU.ActiveCfg = Release|Any CPU
		{7F263560-43D0-4B51-8D48-B46F3B0329FC}.ReleasLibre|Any CPU.Build.0 = Release|Any CPU
		{7F263560-43D0-4B51-8D48-B46F3B0329FC}.ReleasLibre|Mixed Platforms.ActiveCfg = Release|Any CPU
		{7F263560-43D0-4B51-8D48-B46F3B0329FC}.ReleasLibre|Mixed Platforms.Build.0 = Release|Any CPU
		{7F263560-43D0-4B51-8D48-B46F3B0329FC}.ReleasLibre|x86.ActiveCfg = Release|Any CPU
		{099822CE-B83A-4275-80EF-AB2D8C5792CD}.Debug|Any CPU.ActiveCfg = Debug|Any CPU
		{099822CE-B83A-4275-80EF-AB2D8C5792CD}.Debug|Any CPU.Build.0 = Debug|Any CPU
		{099822CE-B83A-4275-80EF-AB2D8C5792CD}.Debug|Mixed Platforms.ActiveCfg = Debug|Any CPU
		{099822CE-B83A-4275-80EF-AB2D8C5792CD}.Debug|Mixed Platforms.Build.0 = Debug|Any CPU
		{099822CE-B83A-4275-80EF-AB2D8C5792CD}.Debug|x86.ActiveCfg = Debug|Any CPU
		{099822CE-B83A-4275-80EF-AB2D8C5792CD}.DebugLibre|Any CPU.ActiveCfg = Debug|Any CPU
		{099822CE-B83A-4275-80EF-AB2D8C5792CD}.DebugLibre|Any CPU.Build.0 = Debug|Any CPU
		{099822CE-B83A-4275-80EF-AB2D8C5792CD}.DebugLibre|Mixed Platforms.ActiveCfg = Debug|Any CPU
		{099822CE-B83A-4275-80EF-AB2D8C5792CD}.DebugLibre|Mixed Platforms.Build.0 = Debug|Any CPU
		{099822CE-B83A-4275-80EF-AB2D8C5792CD}.DebugLibre|x86.ActiveCfg = Debug|Any CPU
		{099822CE-B83A-4275-80EF-AB2D8C5792CD}.Release|Any CPU.ActiveCfg = Release|Any CPU
		{099822CE-B83A-4275-80EF-AB2D8C5792CD}.Release|Any CPU.Build.0 = Release|Any CPU
		{099822CE-B83A-4275-80EF-AB2D8C5792CD}.Release|Mixed Platforms.ActiveCfg = Release|Any CPU
		{099822CE-B83A-4275-80EF-AB2D8C5792CD}.Release|Mixed Platforms.Build.0 = Release|Any CPU
		{099822CE-B83A-4275-80EF-AB2D8C5792CD}.Release|x86.ActiveCfg = Release|Any CPU
		{099822CE-B83A-4275-80EF-AB2D8C5792CD}.ReleaseLibre|Any CPU.ActiveCfg = Release|Any CPU
		{099822CE-B83A-4275-80EF-AB2D8C5792CD}.ReleaseLibre|Any CPU.Build.0 = Release|Any CPU
		{099822CE-B83A-4275-80EF-AB2D8C5792CD}.ReleaseLibre|Mixed Platforms.ActiveCfg = Release|Any CPU
		{099822CE-B83A-4275-80EF-AB2D8C5792CD}.ReleaseLibre|Mixed Platforms.Build.0 = Release|Any CPU
		{099822CE-B83A-4275-80EF-AB2D8C5792CD}.ReleaseLibre|x86.ActiveCfg = Release|Any CPU
		{099822CE-B83A-4275-80EF-AB2D8C5792CD}.ReleasLibre|Any CPU.ActiveCfg = Release|Any CPU
		{099822CE-B83A-4275-80EF-AB2D8C5792CD}.ReleasLibre|Any CPU.Build.0 = Release|Any CPU
		{099822CE-B83A-4275-80EF-AB2D8C5792CD}.ReleasLibre|Mixed Platforms.ActiveCfg = Release|Any CPU
		{099822CE-B83A-4275-80EF-AB2D8C5792CD}.ReleasLibre|Mixed Platforms.Build.0 = Release|Any CPU
		{099822CE-B83A-4275-80EF-AB2D8C5792CD}.ReleasLibre|x86.ActiveCfg = Release|Any CPU
		{73BD1F41-CE19-40DE-A0EC-A70A9F003DEC}.Debug|Any CPU.ActiveCfg = Debug|Any CPU
		{73BD1F41-CE19-40DE-A0EC-A70A9F003DEC}.Debug|Any CPU.Build.0 = Debug|Any CPU
		{73BD1F41-CE19-40DE-A0EC-A70A9F003DEC}.Debug|Mixed Platforms.ActiveCfg = Debug|Any CPU
		{73BD1F41-CE19-40DE-A0EC-A70A9F003DEC}.Debug|Mixed Platforms.Build.0 = Debug|Any CPU
		{73BD1F41-CE19-40DE-A0EC-A70A9F003DEC}.Debug|x86.ActiveCfg = Debug|Any CPU
		{73BD1F41-CE19-40DE-A0EC-A70A9F003DEC}.DebugLibre|Any CPU.ActiveCfg = Debug|Any CPU
		{73BD1F41-CE19-40DE-A0EC-A70A9F003DEC}.DebugLibre|Any CPU.Build.0 = Debug|Any CPU
		{73BD1F41-CE19-40DE-A0EC-A70A9F003DEC}.DebugLibre|Mixed Platforms.ActiveCfg = Debug|Any CPU
		{73BD1F41-CE19-40DE-A0EC-A70A9F003DEC}.DebugLibre|Mixed Platforms.Build.0 = Debug|Any CPU
		{73BD1F41-CE19-40DE-A0EC-A70A9F003DEC}.DebugLibre|x86.ActiveCfg = Debug|Any CPU
		{73BD1F41-CE19-40DE-A0EC-A70A9F003DEC}.Release|Any CPU.ActiveCfg = Release|Any CPU
		{73BD1F41-CE19-40DE-A0EC-A70A9F003DEC}.Release|Any CPU.Build.0 = Release|Any CPU
		{73BD1F41-CE19-40DE-A0EC-A70A9F003DEC}.Release|Mixed Platforms.ActiveCfg = Release|Any CPU
		{73BD1F41-CE19-40DE-A0EC-A70A9F003DEC}.Release|Mixed Platforms.Build.0 = Release|Any CPU
		{73BD1F41-CE19-40DE-A0EC-A70A9F003DEC}.Release|x86.ActiveCfg = Release|Any CPU
		{73BD1F41-CE19-40DE-A0EC-A70A9F003DEC}.ReleaseLibre|Any CPU.ActiveCfg = Release|Any CPU
		{73BD1F41-CE19-40DE-A0EC-A70A9F003DEC}.ReleaseLibre|Any CPU.Build.0 = Release|Any CPU
		{73BD1F41-CE19-40DE-A0EC-A70A9F003DEC}.ReleaseLibre|Mixed Platforms.ActiveCfg = Release|Any CPU
		{73BD1F41-CE19-40DE-A0EC-A70A9F003DEC}.ReleaseLibre|Mixed Platforms.Build.0 = Release|Any CPU
		{73BD1F41-CE19-40DE-A0EC-A70A9F003DEC}.ReleaseLibre|x86.ActiveCfg = Release|Any CPU
		{73BD1F41-CE19-40DE-A0EC-A70A9F003DEC}.ReleasLibre|Any CPU.ActiveCfg = Release|Any CPU
		{73BD1F41-CE19-40DE-A0EC-A70A9F003DEC}.ReleasLibre|Any CPU.Build.0 = Release|Any CPU
		{73BD1F41-CE19-40DE-A0EC-A70A9F003DEC}.ReleasLibre|Mixed Platforms.ActiveCfg = Release|Any CPU
		{73BD1F41-CE19-40DE-A0EC-A70A9F003DEC}.ReleasLibre|Mixed Platforms.Build.0 = Release|Any CPU
		{73BD1F41-CE19-40DE-A0EC-A70A9F003DEC}.ReleasLibre|x86.ActiveCfg = Release|Any CPU
		{F5BA9F00-FDBE-4329-9155-4CB3EADBC772}.Debug|Any CPU.ActiveCfg = Debug|Any CPU
		{F5BA9F00-FDBE-4329-9155-4CB3EADBC772}.Debug|Any CPU.Build.0 = Debug|Any CPU
		{F5BA9F00-FDBE-4329-9155-4CB3EADBC772}.Debug|Mixed Platforms.ActiveCfg = Debug|Any CPU
		{F5BA9F00-FDBE-4329-9155-4CB3EADBC772}.Debug|Mixed Platforms.Build.0 = Debug|Any CPU
		{F5BA9F00-FDBE-4329-9155-4CB3EADBC772}.Debug|x86.ActiveCfg = Debug|Any CPU
		{F5BA9F00-FDBE-4329-9155-4CB3EADBC772}.DebugLibre|Any CPU.ActiveCfg = Debug|Any CPU
		{F5BA9F00-FDBE-4329-9155-4CB3EADBC772}.DebugLibre|Any CPU.Build.0 = Debug|Any CPU
		{F5BA9F00-FDBE-4329-9155-4CB3EADBC772}.DebugLibre|Mixed Platforms.ActiveCfg = Debug|Any CPU
		{F5BA9F00-FDBE-4329-9155-4CB3EADBC772}.DebugLibre|Mixed Platforms.Build.0 = Debug|Any CPU
		{F5BA9F00-FDBE-4329-9155-4CB3EADBC772}.DebugLibre|x86.ActiveCfg = Debug|Any CPU
		{F5BA9F00-FDBE-4329-9155-4CB3EADBC772}.Release|Any CPU.ActiveCfg = Release|Any CPU
		{F5BA9F00-FDBE-4329-9155-4CB3EADBC772}.Release|Any CPU.Build.0 = Release|Any CPU
		{F5BA9F00-FDBE-4329-9155-4CB3EADBC772}.Release|Mixed Platforms.ActiveCfg = Release|Any CPU
		{F5BA9F00-FDBE-4329-9155-4CB3EADBC772}.Release|Mixed Platforms.Build.0 = Release|Any CPU
		{F5BA9F00-FDBE-4329-9155-4CB3EADBC772}.Release|x86.ActiveCfg = Release|Any CPU
		{F5BA9F00-FDBE-4329-9155-4CB3EADBC772}.ReleaseLibre|Any CPU.ActiveCfg = Release|Any CPU
		{F5BA9F00-FDBE-4329-9155-4CB3EADBC772}.ReleaseLibre|Any CPU.Build.0 = Release|Any CPU
		{F5BA9F00-FDBE-4329-9155-4CB3EADBC772}.ReleaseLibre|Mixed Platforms.ActiveCfg = Release|Any CPU
		{F5BA9F00-FDBE-4329-9155-4CB3EADBC772}.ReleaseLibre|Mixed Platforms.Build.0 = Release|Any CPU
		{F5BA9F00-FDBE-4329-9155-4CB3EADBC772}.ReleaseLibre|x86.ActiveCfg = Release|Any CPU
		{F5BA9F00-FDBE-4329-9155-4CB3EADBC772}.ReleasLibre|Any CPU.ActiveCfg = Release|Any CPU
		{F5BA9F00-FDBE-4329-9155-4CB3EADBC772}.ReleasLibre|Any CPU.Build.0 = Release|Any CPU
		{F5BA9F00-FDBE-4329-9155-4CB3EADBC772}.ReleasLibre|Mixed Platforms.ActiveCfg = Release|Any CPU
		{F5BA9F00-FDBE-4329-9155-4CB3EADBC772}.ReleasLibre|Mixed Platforms.Build.0 = Release|Any CPU
		{F5BA9F00-FDBE-4329-9155-4CB3EADBC772}.ReleasLibre|x86.ActiveCfg = Release|Any CPU
		{C4724649-0889-491A-BFBD-CF9BF7BA2E1E}.Debug|Any CPU.ActiveCfg = Debug|Any CPU
		{C4724649-0889-491A-BFBD-CF9BF7BA2E1E}.Debug|Any CPU.Build.0 = Debug|Any CPU
		{C4724649-0889-491A-BFBD-CF9BF7BA2E1E}.Debug|Mixed Platforms.ActiveCfg = Debug|Any CPU
		{C4724649-0889-491A-BFBD-CF9BF7BA2E1E}.Debug|Mixed Platforms.Build.0 = Debug|Any CPU
		{C4724649-0889-491A-BFBD-CF9BF7BA2E1E}.Debug|x86.ActiveCfg = Debug|Any CPU
		{C4724649-0889-491A-BFBD-CF9BF7BA2E1E}.DebugLibre|Any CPU.ActiveCfg = Debug|Any CPU
		{C4724649-0889-491A-BFBD-CF9BF7BA2E1E}.DebugLibre|Any CPU.Build.0 = Debug|Any CPU
		{C4724649-0889-491A-BFBD-CF9BF7BA2E1E}.DebugLibre|Mixed Platforms.ActiveCfg = Debug|Any CPU
		{C4724649-0889-491A-BFBD-CF9BF7BA2E1E}.DebugLibre|Mixed Platforms.Build.0 = Debug|Any CPU
		{C4724649-0889-491A-BFBD-CF9BF7BA2E1E}.DebugLibre|x86.ActiveCfg = Debug|Any CPU
		{C4724649-0889-491A-BFBD-CF9BF7BA2E1E}.Release|Any CPU.ActiveCfg = Release|Any CPU
		{C4724649-0889-491A-BFBD-CF9BF7BA2E1E}.Release|Any CPU.Build.0 = Release|Any CPU
		{C4724649-0889-491A-BFBD-CF9BF7BA2E1E}.Release|Mixed Platforms.ActiveCfg = Release|Any CPU
		{C4724649-0889-491A-BFBD-CF9BF7BA2E1E}.Release|Mixed Platforms.Build.0 = Release|Any CPU
		{C4724649-0889-491A-BFBD-CF9BF7BA2E1E}.Release|x86.ActiveCfg = Release|Any CPU
		{C4724649-0889-491A-BFBD-CF9BF7BA2E1E}.ReleaseLibre|Any CPU.ActiveCfg = Release|Any CPU
		{C4724649-0889-491A-BFBD-CF9BF7BA2E1E}.ReleaseLibre|Any CPU.Build.0 = Release|Any CPU
		{C4724649-0889-491A-BFBD-CF9BF7BA2E1E}.ReleaseLibre|Mixed Platforms.ActiveCfg = Release|Any CPU
		{C4724649-0889-491A-BFBD-CF9BF7BA2E1E}.ReleaseLibre|Mixed Platforms.Build.0 = Release|Any CPU
		{C4724649-0889-491A-BFBD-CF9BF7BA2E1E}.ReleaseLibre|x86.ActiveCfg = Release|Any CPU
		{C4724649-0889-491A-BFBD-CF9BF7BA2E1E}.ReleasLibre|Any CPU.ActiveCfg = Release|Any CPU
		{C4724649-0889-491A-BFBD-CF9BF7BA2E1E}.ReleasLibre|Any CPU.Build.0 = Release|Any CPU
		{C4724649-0889-491A-BFBD-CF9BF7BA2E1E}.ReleasLibre|Mixed Platforms.ActiveCfg = Release|Any CPU
		{C4724649-0889-491A-BFBD-CF9BF7BA2E1E}.ReleasLibre|Mixed Platforms.Build.0 = Release|Any CPU
		{C4724649-0889-491A-BFBD-CF9BF7BA2E1E}.ReleasLibre|x86.ActiveCfg = Release|Any CPU
		{A83FB6E1-70CA-4A10-9AAD-8D5929640518}.Debug|Any CPU.ActiveCfg = Debug|Any CPU
		{A83FB6E1-70CA-4A10-9AAD-8D5929640518}.Debug|Any CPU.Build.0 = Debug|Any CPU
		{A83FB6E1-70CA-4A10-9AAD-8D5929640518}.Debug|Mixed Platforms.ActiveCfg = Debug|Any CPU
		{A83FB6E1-70CA-4A10-9AAD-8D5929640518}.Debug|Mixed Platforms.Build.0 = Debug|Any CPU
		{A83FB6E1-70CA-4A10-9AAD-8D5929640518}.Debug|x86.ActiveCfg = Debug|Any CPU
		{A83FB6E1-70CA-4A10-9AAD-8D5929640518}.DebugLibre|Any CPU.ActiveCfg = DebugLibre|Any CPU
		{A83FB6E1-70CA-4A10-9AAD-8D5929640518}.DebugLibre|Any CPU.Build.0 = DebugLibre|Any CPU
		{A83FB6E1-70CA-4A10-9AAD-8D5929640518}.DebugLibre|Mixed Platforms.ActiveCfg = DebugLibre|Any CPU
		{A83FB6E1-70CA-4A10-9AAD-8D5929640518}.DebugLibre|Mixed Platforms.Build.0 = DebugLibre|Any CPU
		{A83FB6E1-70CA-4A10-9AAD-8D5929640518}.DebugLibre|x86.ActiveCfg = DebugLibre|Any CPU
		{A83FB6E1-70CA-4A10-9AAD-8D5929640518}.Release|Any CPU.ActiveCfg = Release|Any CPU
		{A83FB6E1-70CA-4A10-9AAD-8D5929640518}.Release|Any CPU.Build.0 = Release|Any CPU
		{A83FB6E1-70CA-4A10-9AAD-8D5929640518}.Release|Mixed Platforms.ActiveCfg = Release|Any CPU
		{A83FB6E1-70CA-4A10-9AAD-8D5929640518}.Release|Mixed Platforms.Build.0 = Release|Any CPU
		{A83FB6E1-70CA-4A10-9AAD-8D5929640518}.Release|x86.ActiveCfg = Release|Any CPU
		{A83FB6E1-70CA-4A10-9AAD-8D5929640518}.ReleaseLibre|Any CPU.ActiveCfg = Release|Any CPU
		{A83FB6E1-70CA-4A10-9AAD-8D5929640518}.ReleaseLibre|Any CPU.Build.0 = Release|Any CPU
		{A83FB6E1-70CA-4A10-9AAD-8D5929640518}.ReleaseLibre|Mixed Platforms.ActiveCfg = Release|Any CPU
		{A83FB6E1-70CA-4A10-9AAD-8D5929640518}.ReleaseLibre|Mixed Platforms.Build.0 = Release|Any CPU
		{A83FB6E1-70CA-4A10-9AAD-8D5929640518}.ReleaseLibre|x86.ActiveCfg = Release|Any CPU
		{A83FB6E1-70CA-4A10-9AAD-8D5929640518}.ReleasLibre|Any CPU.ActiveCfg = ReleasLibre|Any CPU
		{A83FB6E1-70CA-4A10-9AAD-8D5929640518}.ReleasLibre|Any CPU.Build.0 = ReleasLibre|Any CPU
		{A83FB6E1-70CA-4A10-9AAD-8D5929640518}.ReleasLibre|Mixed Platforms.ActiveCfg = ReleasLibre|Any CPU
		{A83FB6E1-70CA-4A10-9AAD-8D5929640518}.ReleasLibre|Mixed Platforms.Build.0 = ReleasLibre|Any CPU
		{A83FB6E1-70CA-4A10-9AAD-8D5929640518}.ReleasLibre|x86.ActiveCfg = ReleasLibre|Any CPU
		{E202FC54-0603-4494-A24B-6E9F34756E66}.Debug|Any CPU.ActiveCfg = Debug|Any CPU
		{E202FC54-0603-4494-A24B-6E9F34756E66}.Debug|Any CPU.Build.0 = Debug|Any CPU
		{E202FC54-0603-4494-A24B-6E9F34756E66}.Debug|Mixed Platforms.ActiveCfg = Debug|Any CPU
		{E202FC54-0603-4494-A24B-6E9F34756E66}.Debug|Mixed Platforms.Build.0 = Debug|Any CPU
		{E202FC54-0603-4494-A24B-6E9F34756E66}.Debug|x86.ActiveCfg = Debug|Any CPU
		{E202FC54-0603-4494-A24B-6E9F34756E66}.DebugLibre|Any CPU.ActiveCfg = DebugLibre|Any CPU
		{E202FC54-0603-4494-A24B-6E9F34756E66}.DebugLibre|Any CPU.Build.0 = DebugLibre|Any CPU
		{E202FC54-0603-4494-A24B-6E9F34756E66}.DebugLibre|Mixed Platforms.ActiveCfg = DebugLibre|Any CPU
		{E202FC54-0603-4494-A24B-6E9F34756E66}.DebugLibre|Mixed Platforms.Build.0 = DebugLibre|Any CPU
		{E202FC54-0603-4494-A24B-6E9F34756E66}.DebugLibre|x86.ActiveCfg = DebugLibre|Any CPU
		{E202FC54-0603-4494-A24B-6E9F34756E66}.Release|Any CPU.ActiveCfg = Release|Any CPU
		{E202FC54-0603-4494-A24B-6E9F34756E66}.Release|Any CPU.Build.0 = Release|Any CPU
		{E202FC54-0603-4494-A24B-6E9F34756E66}.Release|Mixed Platforms.ActiveCfg = Release|Any CPU
		{E202FC54-0603-4494-A24B-6E9F34756E66}.Release|Mixed Platforms.Build.0 = Release|Any CPU
		{E202FC54-0603-4494-A24B-6E9F34756E66}.Release|x86.ActiveCfg = Release|Any CPU
		{E202FC54-0603-4494-A24B-6E9F34756E66}.ReleaseLibre|Any CPU.ActiveCfg = ReleaseLibre|Any CPU
		{E202FC54-0603-4494-A24B-6E9F34756E66}.ReleaseLibre|Any CPU.Build.0 = ReleaseLibre|Any CPU
		{E202FC54-0603-4494-A24B-6E9F34756E66}.ReleaseLibre|Mixed Platforms.ActiveCfg = ReleaseLibre|Any CPU
		{E202FC54-0603-4494-A24B-6E9F34756E66}.ReleaseLibre|Mixed Platforms.Build.0 = ReleaseLibre|Any CPU
		{E202FC54-0603-4494-A24B-6E9F34756E66}.ReleaseLibre|x86.ActiveCfg = ReleaseLibre|Any CPU
		{E202FC54-0603-4494-A24B-6E9F34756E66}.ReleasLibre|Any CPU.ActiveCfg = ReleaseLibre|Any CPU
		{E202FC54-0603-4494-A24B-6E9F34756E66}.ReleasLibre|Any CPU.Build.0 = ReleaseLibre|Any CPU
		{E202FC54-0603-4494-A24B-6E9F34756E66}.ReleasLibre|Mixed Platforms.ActiveCfg = ReleaseLibre|Any CPU
		{E202FC54-0603-4494-A24B-6E9F34756E66}.ReleasLibre|Mixed Platforms.Build.0 = ReleaseLibre|Any CPU
		{E202FC54-0603-4494-A24B-6E9F34756E66}.ReleasLibre|x86.ActiveCfg = ReleaseLibre|Any CPU
		{3D173721-E49E-43FB-BE5B-A5D26201798D}.Debug|Any CPU.ActiveCfg = Debug|Any CPU
		{3D173721-E49E-43FB-BE5B-A5D26201798D}.Debug|Any CPU.Build.0 = Debug|Any CPU
		{3D173721-E49E-43FB-BE5B-A5D26201798D}.Debug|Mixed Platforms.ActiveCfg = Debug|Any CPU
		{3D173721-E49E-43FB-BE5B-A5D26201798D}.Debug|Mixed Platforms.Build.0 = Debug|Any CPU
		{3D173721-E49E-43FB-BE5B-A5D26201798D}.Debug|x86.ActiveCfg = Debug|Any CPU
		{3D173721-E49E-43FB-BE5B-A5D26201798D}.DebugLibre|Any CPU.ActiveCfg = DebugLibre|Any CPU
		{3D173721-E49E-43FB-BE5B-A5D26201798D}.DebugLibre|Any CPU.Build.0 = DebugLibre|Any CPU
		{3D173721-E49E-43FB-BE5B-A5D26201798D}.DebugLibre|Mixed Platforms.ActiveCfg = DebugLibre|Any CPU
		{3D173721-E49E-43FB-BE5B-A5D26201798D}.DebugLibre|Mixed Platforms.Build.0 = DebugLibre|Any CPU
		{3D173721-E49E-43FB-BE5B-A5D26201798D}.DebugLibre|x86.ActiveCfg = DebugLibre|Any CPU
		{3D173721-E49E-43FB-BE5B-A5D26201798D}.Release|Any CPU.ActiveCfg = Release|Any CPU
		{3D173721-E49E-43FB-BE5B-A5D26201798D}.Release|Any CPU.Build.0 = Release|Any CPU
		{3D173721-E49E-43FB-BE5B-A5D26201798D}.Release|Mixed Platforms.ActiveCfg = Release|Any CPU
		{3D173721-E49E-43FB-BE5B-A5D26201798D}.Release|Mixed Platforms.Build.0 = Release|Any CPU
		{3D173721-E49E-43FB-BE5B-A5D26201798D}.Release|x86.ActiveCfg = Release|Any CPU
		{3D173721-E49E-43FB-BE5B-A5D26201798D}.ReleaseLibre|Any CPU.ActiveCfg = ReleaseLibre|Any CPU
		{3D173721-E49E-43FB-BE5B-A5D26201798D}.ReleaseLibre|Any CPU.Build.0 = ReleaseLibre|Any CPU
		{3D173721-E49E-43FB-BE5B-A5D26201798D}.ReleaseLibre|Mixed Platforms.ActiveCfg = ReleaseLibre|Any CPU
		{3D173721-E49E-43FB-BE5B-A5D26201798D}.ReleaseLibre|Mixed Platforms.Build.0 = ReleaseLibre|Any CPU
		{3D173721-E49E-43FB-BE5B-A5D26201798D}.ReleaseLibre|x86.ActiveCfg = ReleaseLibre|Any CPU
		{3D173721-E49E-43FB-BE5B-A5D26201798D}.ReleasLibre|Any CPU.ActiveCfg = ReleaseLibre|Any CPU
		{3D173721-E49E-43FB-BE5B-A5D26201798D}.ReleasLibre|Any CPU.Build.0 = ReleaseLibre|Any CPU
		{3D173721-E49E-43FB-BE5B-A5D26201798D}.ReleasLibre|Mixed Platforms.ActiveCfg = ReleaseLibre|Any CPU
		{3D173721-E49E-43FB-BE5B-A5D26201798D}.ReleasLibre|Mixed Platforms.Build.0 = ReleaseLibre|Any CPU
		{3D173721-E49E-43FB-BE5B-A5D26201798D}.ReleasLibre|x86.ActiveCfg = ReleaseLibre|Any CPU
		{CEEE112C-76DB-4D9F-B606-D5B5EC7BDE82}.Debug|Any CPU.ActiveCfg = Debug|Any CPU
		{CEEE112C-76DB-4D9F-B606-D5B5EC7BDE82}.Debug|Any CPU.Build.0 = Debug|Any CPU
		{CEEE112C-76DB-4D9F-B606-D5B5EC7BDE82}.Debug|Mixed Platforms.ActiveCfg = Debug|Any CPU
		{CEEE112C-76DB-4D9F-B606-D5B5EC7BDE82}.Debug|Mixed Platforms.Build.0 = Debug|Any CPU
		{CEEE112C-76DB-4D9F-B606-D5B5EC7BDE82}.Debug|x86.ActiveCfg = Debug|Any CPU
		{CEEE112C-76DB-4D9F-B606-D5B5EC7BDE82}.DebugLibre|Any CPU.ActiveCfg = Debug|Any CPU
		{CEEE112C-76DB-4D9F-B606-D5B5EC7BDE82}.DebugLibre|Any CPU.Build.0 = Debug|Any CPU
		{CEEE112C-76DB-4D9F-B606-D5B5EC7BDE82}.DebugLibre|Mixed Platforms.ActiveCfg = Debug|Any CPU
		{CEEE112C-76DB-4D9F-B606-D5B5EC7BDE82}.DebugLibre|Mixed Platforms.Build.0 = Debug|Any CPU
		{CEEE112C-76DB-4D9F-B606-D5B5EC7BDE82}.DebugLibre|x86.ActiveCfg = Debug|Any CPU
		{CEEE112C-76DB-4D9F-B606-D5B5EC7BDE82}.Release|Any CPU.ActiveCfg = Release|Any CPU
		{CEEE112C-76DB-4D9F-B606-D5B5EC7BDE82}.Release|Any CPU.Build.0 = Release|Any CPU
		{CEEE112C-76DB-4D9F-B606-D5B5EC7BDE82}.Release|Mixed Platforms.ActiveCfg = Release|Any CPU
		{CEEE112C-76DB-4D9F-B606-D5B5EC7BDE82}.Release|Mixed Platforms.Build.0 = Release|Any CPU
		{CEEE112C-76DB-4D9F-B606-D5B5EC7BDE82}.Release|x86.ActiveCfg = Release|Any CPU
		{CEEE112C-76DB-4D9F-B606-D5B5EC7BDE82}.ReleaseLibre|Any CPU.ActiveCfg = Release|Any CPU
		{CEEE112C-76DB-4D9F-B606-D5B5EC7BDE82}.ReleaseLibre|Any CPU.Build.0 = Release|Any CPU
		{CEEE112C-76DB-4D9F-B606-D5B5EC7BDE82}.ReleaseLibre|Mixed Platforms.ActiveCfg = Release|Any CPU
		{CEEE112C-76DB-4D9F-B606-D5B5EC7BDE82}.ReleaseLibre|Mixed Platforms.Build.0 = Release|Any CPU
		{CEEE112C-76DB-4D9F-B606-D5B5EC7BDE82}.ReleaseLibre|x86.ActiveCfg = Release|Any CPU
		{CEEE112C-76DB-4D9F-B606-D5B5EC7BDE82}.ReleasLibre|Any CPU.ActiveCfg = Release|Any CPU
		{CEEE112C-76DB-4D9F-B606-D5B5EC7BDE82}.ReleasLibre|Any CPU.Build.0 = Release|Any CPU
		{CEEE112C-76DB-4D9F-B606-D5B5EC7BDE82}.ReleasLibre|Mixed Platforms.ActiveCfg = Release|Any CPU
		{CEEE112C-76DB-4D9F-B606-D5B5EC7BDE82}.ReleasLibre|Mixed Platforms.Build.0 = Release|Any CPU
		{CEEE112C-76DB-4D9F-B606-D5B5EC7BDE82}.ReleasLibre|x86.ActiveCfg = Release|Any CPU
		{9CF455A0-B3B8-4D16-B54C-8EAF6BC97E06}.Debug|Any CPU.ActiveCfg = Debug|x86
		{9CF455A0-B3B8-4D16-B54C-8EAF6BC97E06}.Debug|Mixed Platforms.ActiveCfg = Debug|x86
		{9CF455A0-B3B8-4D16-B54C-8EAF6BC97E06}.Debug|Mixed Platforms.Build.0 = Debug|x86
		{9CF455A0-B3B8-4D16-B54C-8EAF6BC97E06}.Debug|x86.ActiveCfg = Debug|x86
		{9CF455A0-B3B8-4D16-B54C-8EAF6BC97E06}.Debug|x86.Build.0 = Debug|x86
		{9CF455A0-B3B8-4D16-B54C-8EAF6BC97E06}.DebugLibre|Any CPU.ActiveCfg = Debug|x86
		{9CF455A0-B3B8-4D16-B54C-8EAF6BC97E06}.DebugLibre|Mixed Platforms.ActiveCfg = Debug|x86
		{9CF455A0-B3B8-4D16-B54C-8EAF6BC97E06}.DebugLibre|Mixed Platforms.Build.0 = Debug|x86
		{9CF455A0-B3B8-4D16-B54C-8EAF6BC97E06}.DebugLibre|x86.ActiveCfg = Debug|x86
		{9CF455A0-B3B8-4D16-B54C-8EAF6BC97E06}.DebugLibre|x86.Build.0 = Debug|x86
		{9CF455A0-B3B8-4D16-B54C-8EAF6BC97E06}.Release|Any CPU.ActiveCfg = Release|x86
		{9CF455A0-B3B8-4D16-B54C-8EAF6BC97E06}.Release|Mixed Platforms.ActiveCfg = Release|x86
		{9CF455A0-B3B8-4D16-B54C-8EAF6BC97E06}.Release|Mixed Platforms.Build.0 = Release|x86
		{9CF455A0-B3B8-4D16-B54C-8EAF6BC97E06}.Release|x86.ActiveCfg = Release|x86
		{9CF455A0-B3B8-4D16-B54C-8EAF6BC97E06}.Release|x86.Build.0 = Release|x86
		{9CF455A0-B3B8-4D16-B54C-8EAF6BC97E06}.ReleaseLibre|Any CPU.ActiveCfg = Release|x86
		{9CF455A0-B3B8-4D16-B54C-8EAF6BC97E06}.ReleaseLibre|Mixed Platforms.ActiveCfg = Release|x86
		{9CF455A0-B3B8-4D16-B54C-8EAF6BC97E06}.ReleaseLibre|Mixed Platforms.Build.0 = Release|x86
		{9CF455A0-B3B8-4D16-B54C-8EAF6BC97E06}.ReleaseLibre|x86.ActiveCfg = Release|x86
		{9CF455A0-B3B8-4D16-B54C-8EAF6BC97E06}.ReleaseLibre|x86.Build.0 = Release|x86
		{9CF455A0-B3B8-4D16-B54C-8EAF6BC97E06}.ReleasLibre|Any CPU.ActiveCfg = Release|x86
		{9CF455A0-B3B8-4D16-B54C-8EAF6BC97E06}.ReleasLibre|Mixed Platforms.ActiveCfg = Release|x86
		{9CF455A0-B3B8-4D16-B54C-8EAF6BC97E06}.ReleasLibre|Mixed Platforms.Build.0 = Release|x86
		{9CF455A0-B3B8-4D16-B54C-8EAF6BC97E06}.ReleasLibre|x86.ActiveCfg = Release|x86
		{9CF455A0-B3B8-4D16-B54C-8EAF6BC97E06}.ReleasLibre|x86.Build.0 = Release|x86
	EndGlobalSection
	GlobalSection(SolutionProperties) = preSolution
		HideSolutionNode = FALSE
	EndGlobalSection
	GlobalSection(NestedProjects) = preSolution
		{C854EDF7-4F33-4F01-9764-9A744070EACA} = {C2AE83EF-AFC3-4D4D-8A14-E9E8BF544B94}
		{623E618C-F034-473E-A5AF-280B20A5BA8F} = {E7D46981-2146-47D0-91F3-BB3CFCC3C5BF}
		{168EC2F2-7E4A-493A-AB4A-9FB1B45DAB64} = {E7D46981-2146-47D0-91F3-BB3CFCC3C5BF}
		{FC472E01-7C5A-4982-9825-59589AAADCCB} = {E7D46981-2146-47D0-91F3-BB3CFCC3C5BF}
		{D84EBB20-A5F8-448F-8FB4-56219C300917} = {C2AE83EF-AFC3-4D4D-8A14-E9E8BF544B94}
		{7F263560-43D0-4B51-8D48-B46F3B0329FC} = {C2AE83EF-AFC3-4D4D-8A14-E9E8BF544B94}
		{73BD1F41-CE19-40DE-A0EC-A70A9F003DEC} = {E7D46981-2146-47D0-91F3-BB3CFCC3C5BF}
		{C4724649-0889-491A-BFBD-CF9BF7BA2E1E} = {C2AE83EF-AFC3-4D4D-8A14-E9E8BF544B94}
		{A83FB6E1-70CA-4A10-9AAD-8D5929640518} = {C2AE83EF-AFC3-4D4D-8A14-E9E8BF544B94}
		{3D173721-E49E-43FB-BE5B-A5D26201798D} = {C2AE83EF-AFC3-4D4D-8A14-E9E8BF544B94}
		{003FDF40-BD65-4AA4-ACEC-6F2977FA1BCC} = {DA7A114A-A815-4D57-B349-0E9A953A6A68}
		{AA2CEE5E-115C-4B71-94AA-86C24E99B697} = {DA7A114A-A815-4D57-B349-0E9A953A6A68}
		{CEEE112C-76DB-4D9F-B606-D5B5EC7BDE82} = {003FDF40-BD65-4AA4-ACEC-6F2977FA1BCC}
		{9CF455A0-B3B8-4D16-B54C-8EAF6BC97E06} = {E7D46981-2146-47D0-91F3-BB3CFCC3C5BF}
	EndGlobalSection
EndGlobal
